
Microsoft Visual Studio Solution File, Format Version 12.00
Project("{FAE04EC0-301F-11D3-BF4B-00C04F79EFBC}") = "Movies.Api", "course-rest-api-dotnet\Movies.Api\Movies.Api.csproj", "{15D37176-2895-4675-B5B9-F21E2A167493}"
EndProject
Project("{FAE04EC0-301F-11D3-BF4B-00C04F79EFBC}") = "Movies.Application", "course-rest-api-dotnet\Movies.Application\Movies.Application.csproj", "{0D0B86B9-B2F0-4291-AF61-09B87343F752}"
EndProject
Project("{FAE04EC0-301F-11D3-BF4B-00C04F79EFBC}") = "Movies.Contracts", "course-rest-api-dotnet\Movies.Contracts\Movies.Contracts.csproj", "{A40A3A42-5553-4781-8329-4EE695CEF58E}"
EndProject
Project("{2150E333-8FDC-42A3-9474-1A3956D46DE8}") = "Helpers", "course-rest-api-dotnet\Helpers", "{329EE441-D190-4A67-A955-9BA0D5DC122F}"
	ProjectSection(SolutionItems) = preProject
		course-rest-api-dotnet\Helpers\Course.postman_collection.json = course-rest-api-dotnet\Helpers\Course.postman_collection.json
		course-rest-api-dotnet\Helpers\movies.json = course-rest-api-dotnet\Helpers\movies.json
	EndProjectSection
EndProject
Project("{FAE04EC0-301F-11D3-BF4B-00C04F79EFBC}") = "Identity.Api", "course-rest-api-dotnet\Helpers\Identity.Api\Identity.Api.csproj", "{0B7F3C25-FD65-496E-809E-6A1391037D34}"
EndProject
Project("{2150E333-8FDC-42A3-9474-1A3956D46DE8}") = "course-rest-api-dotnet", "course-rest-api-dotnet", "{117976D2-8B04-4AFC-8C52-A0A90394656B}"
EndProject
Project("{2150E333-8FDC-42A3-9474-1A3956D46DE8}") = "course-entity-framework-core", "course-entity-framework-core", "{B760A546-5719-4EE2-AB02-E51754312C34}"
EndProject
Project("{FAE04EC0-301F-11D3-BF4B-00C04F79EFBC}") = "Dometrain.EFCore.Api", "course-entity-framework-core\Dometrain.EFCore.Api\Dometrain.EFCore.Api.csproj", "{8028FB61-BFB3-4123-A45D-2A2CC27FEB7C}"
EndProject
Project("{2150E333-8FDC-42A3-9474-1A3956D46DE8}") = "course-clean-architecture", "course-clean-architecture", "{D004F8A9-1FED-4187-A68C-9AD584787F6B}"
EndProject
Project("{FAE04EC0-301F-11D3-BF4B-00C04F79EFBC}") = "GymManagement.Api", "course-clean-architecture\GymManagement.Api\GymManagement.Api.csproj", "{A9F26642-E79B-469A-889B-9803608D6217}"
EndProject
Project("{FAE04EC0-301F-11D3-BF4B-00C04F79EFBC}") = "GymManagement.Application", "course-clean-architecture\GymManagement.Application\GymManagement.Application.csproj", "{45556186-B8A1-42AD-88CB-4ECC5971F003}"
EndProject
Project("{FAE04EC0-301F-11D3-BF4B-00C04F79EFBC}") = "GymManagement.Domain", "course-clean-architecture\GymManagement.Domain\GymManagement.Domain.csproj", "{66F620A8-C35D-4F3D-86E3-4922DFC2F370}"
EndProject
Project("{FAE04EC0-301F-11D3-BF4B-00C04F79EFBC}") = "GymManagement.Infrastructure", "course-clean-architecture\GymManagement.Infrastructure\GymManagement.Infrastructure.csproj", "{9DA9A17C-0F8E-465D-AC45-A9CD1DE381C8}"
EndProject
Project("{FAE04EC0-301F-11D3-BF4B-00C04F79EFBC}") = "GymManagement.Contracts", "course-clean-architecture\GymManagement.Contracts\GymManagement.Contracts.csproj", "{849C7558-8A08-4A58-A7BD-CF2587F0D5EC}"
EndProject
Project("{2150E333-8FDC-42A3-9474-1A3956D46DE8}") = "tests", "course-clean-architecture\tests", "{63217177-51C9-42E2-B490-54BFAAC55F88}"
EndProject
Project("{FAE04EC0-301F-11D3-BF4B-00C04F79EFBC}") = "TestCommon", "course-clean-architecture\tests\TestCommon\TestCommon.csproj", "{AA93B642-5EC7-43A5-AD1F-BB81AA047086}"
EndProject
Project("{FAE04EC0-301F-11D3-BF4B-00C04F79EFBC}") = "GymManagement.Domain.UnitTests", "course-clean-architecture\tests\GymManagement.Domain.UnitTests\GymManagement.Domain.UnitTests.csproj", "{79D12BF0-D417-4FA2-9162-23C0CDC78129}"
EndProject
Project("{FAE04EC0-301F-11D3-BF4B-00C04F79EFBC}") = "GymManagement.Application.UnitTests", "course-clean-architecture\tests\GymManagement.Application.UnitTests\GymManagement.Application.UnitTests.csproj", "{6836822D-2A77-4D38-BAB3-A7225DF3B341}"
EndProject
Project("{2150E333-8FDC-42A3-9474-1A3956D46DE8}") = "course-unit-testing-csharp", "course-unit-testing-csharp", "{5B26C18E-A48F-4CB5-B45D-B391780C31BB}"
EndProject
Project("{2150E333-8FDC-42A3-9474-1A3956D46DE8}") = "src", "src", "{9AFA1132-D568-49E9-9965-F8DAE84F2E06}"
EndProject
Project("{2150E333-8FDC-42A3-9474-1A3956D46DE8}") = "test", "test", "{1EAF3640-86E5-407B-A810-327F04B8FDC4}"
EndProject
Project("{FAE04EC0-301F-11D3-BF4B-00C04F79EFBC}") = "CalculatorLibrary", "course-unit-testing-csharp\src\CalculatorLibrary\CalculatorLibrary.csproj", "{E18FFC36-0081-4798-838E-8C5066DBF56B}"
EndProject
Project("{FAE04EC0-301F-11D3-BF4B-00C04F79EFBC}") = "CalculatorLibrary.Tests.Unit", "course-unit-testing-csharp\test\CalculatorLibrary.Tests.Unit\CalculatorLibrary.Tests.Unit.csproj", "{3375C0DE-56B5-4C0D-9D2F-66BD64B551D6}"
EndProject
Project("{FAE04EC0-301F-11D3-BF4B-00C04F79EFBC}") = "TestingTechniques", "course-unit-testing-csharp\src\TestingTechniques\TestingTechniques.csproj", "{17465454-2BE8-496B-8A40-AF4572E5DF7C}"
EndProject
Project("{FAE04EC0-301F-11D3-BF4B-00C04F79EFBC}") = "TestingTechniques.Tests.Unit", "course-unit-testing-csharp\test\TestingTechniques.Tests.Unit\TestingTechniques.Tests.Unit.csproj", "{8D8094F7-6375-4AFC-B38E-84C1F6763096}"
EndProject
Project("{FAE04EC0-301F-11D3-BF4B-00C04F79EFBC}") = "Users.Api", "course-unit-testing-csharp\src\Users.Api\Users.Api.csproj", "{01B76E89-EECB-4FE8-892C-74640DFA544C}"
EndProject
Project("{FAE04EC0-301F-11D3-BF4B-00C04F79EFBC}") = "Users.Api.Tests.Unit", "course-unit-testing-csharp\test\Users.Api.Tests.Unit\Users.Api.Tests.Unit.csproj", "{FD6696E4-463B-4EDC-BCEA-1F2928A5073D}"
EndProject
Project("{FAE04EC0-301F-11D3-BF4B-00C04F79EFBC}") = "AdvancedTechniques.Tests.Unit", "course-unit-testing-csharp\test\AdvancedTechniques.Tests.Unit\AdvancedTechniques.Tests.Unit.csproj", "{FCF8E531-8FF0-47BE-8554-391097430C7C}"
EndProject
Project("{FAE04EC0-301F-11D3-BF4B-00C04F79EFBC}") = "AdvancedTechniques", "course-unit-testing-csharp\src\AdvancedTechniques\AdvancedTechniques.csproj", "{0175D556-94B5-4845-9BD9-165A9037BB8B}"
EndProject
Project("{2150E333-8FDC-42A3-9474-1A3956D46DE8}") = "course-integration-testing-aspdotnetcore", "course-integration-testing-aspdotnetcore", "{C7F30830-681A-4263-8EFC-E454A421DB21}"
	ProjectSection(SolutionItems) = preProject
		course-integration-testing-aspdotnetcore\compose.yaml = course-integration-testing-aspdotnetcore\compose.yaml
	EndProjectSection
EndProject
Project("{2150E333-8FDC-42A3-9474-1A3956D46DE8}") = "src", "src", "{191ABC90-85F4-47D5-966D-9642E057A61B}"
EndProject
Project("{2150E333-8FDC-42A3-9474-1A3956D46DE8}") = "tests", "tests", "{281560A6-A9E6-4191-9404-83B92F131C7B}"
EndProject
Project("{FAE04EC0-301F-11D3-BF4B-00C04F79EFBC}") = "Customers.Api", "course-integration-testing-aspdotnetcore\src\Customers.Api\Customers.Api.csproj", "{C835A966-7F4F-4AFC-BB66-9967398CE5A7}"
EndProject
Project("{FAE04EC0-301F-11D3-BF4B-00C04F79EFBC}") = "Customers.Api.Tests.Integration", "course-integration-testing-aspdotnetcore\tests\Customers.Api.Tests.Integration\Customers.Api.Tests.Integration.csproj", "{9921315D-49C7-435F-9732-94DB824A8929}"
EndProject
Project("{FAE04EC0-301F-11D3-BF4B-00C04F79EFBC}") = "FakeApi", "course-integration-testing-aspdotnetcore\src\FakeApi\FakeApi.csproj", "{D52750A4-9821-433C-B631-02CBF8C07AE5}"
EndProject
Project("{FAE04EC0-301F-11D3-BF4B-00C04F79EFBC}") = "Customers.WebApp", "course-integration-testing-aspdotnetcore\src\Customers.WebApp\Customers.WebApp.csproj", "{506DCD74-F2F4-48D5-9826-436E79877ECA}"
EndProject
Project("{FAE04EC0-301F-11D3-BF4B-00C04F79EFBC}") = "Customers.WebApp.Tests.Integration", "course-integration-testing-aspdotnetcore\tests\Customers.WebApp.Tests.Integration\Customers.WebApp.Tests.Integration.csproj", "{6171836C-8533-45D8-AFE7-B2DAD534ABF1}"
EndProject
Project("{2150E333-8FDC-42A3-9474-1A3956D46DE8}") = "course-dependency-injection", "course-dependency-injection", "{098908EA-9641-4CD7-A2B4-C7A6C3225E55}"
EndProject
Project("{2150E333-8FDC-42A3-9474-1A3956D46DE8}") = "resolving-dependencies", "resolving-dependencies", "{5A27F017-1AA2-4348-B23D-8D2943AB5A20}"
EndProject
Project("{FAE04EC0-301F-11D3-BF4B-00C04F79EFBC}") = "WebApi", "course-dependency-injection\resolving-dependencies\WebApi\WebApi.csproj", "{890A9381-5139-45F6-BFCE-B15D0AFAB636}"
EndProject
Project("{2150E333-8FDC-42A3-9474-1A3956D46DE8}") = "deep-dive", "deep-dive", "{5FACABB4-2F11-4E20-8E14-C1BA5A617CF8}"
EndProject
Project("{FAE04EC0-301F-11D3-BF4B-00C04F79EFBC}") = "Weather.Api", "course-dependency-injection\deep-dive\Weather.Api\Weather.Api.csproj", "{C2B62B98-7EF8-44B1-9320-1CA6494CD153}"
EndProject
Project("{2150E333-8FDC-42A3-9474-1A3956D46DE8}") = "advanced-techniques", "advanced-techniques", "{DDBB73EE-B437-4B3D-89E0-31B902395C1B}"
EndProject
Project("{FAE04EC0-301F-11D3-BF4B-00C04F79EFBC}") = "CustomScope.ConsoleApp", "course-dependency-injection\advanced-techniques\CustomScope.ConsoleApp\CustomScope.ConsoleApp.csproj", "{63F108B3-44F8-47C9-9297-DF8CC55B2E7D}"
EndProject
Project("{FAE04EC0-301F-11D3-BF4B-00C04F79EFBC}") = "MultiFunction.ConsoleApp", "course-dependency-injection\advanced-techniques\MultiFunction.ConsoleApp\MultiFunction.ConsoleApp.csproj", "{A90BF080-15E8-425B-9352-B28D1F5FC359}"
EndProject
Project("{FAE04EC0-301F-11D3-BF4B-00C04F79EFBC}") = "Weather.Api", "course-dependency-injection\advanced-techniques\Weather.Api\Weather.Api.csproj", "{6BC92931-3C51-471B-9C24-309E912689E6}"
EndProject
Project("{2150E333-8FDC-42A3-9474-1A3956D46DE8}") = "scrutor", "scrutor", "{D5AFF97D-BDA6-4C90-9003-353FDA352B8B}"
EndProject
Project("{FAE04EC0-301F-11D3-BF4B-00C04F79EFBC}") = "ScrutorScanning.ConsoleApp", "course-dependency-injection\scrutor\ScrutorScanning.ConsoleApp\ScrutorScanning.ConsoleApp.csproj", "{2A05C432-7243-48D1-8AC4-5F0484AFE938}"
EndProject
Project("{2150E333-8FDC-42A3-9474-1A3956D46DE8}") = "new-di-framework", "new-di-framework", "{CC7BB356-966F-4178-A6A3-B97AE8A47B5B}"
EndProject
Project("{FAE04EC0-301F-11D3-BF4B-00C04F79EFBC}") = "Consumer.ConsoleApp", "course-dependency-injection\new-di-framework\Consumer.ConsoleApp\Consumer.ConsoleApp.csproj", "{51956A26-E64D-46C9-8395-56881545FD0C}"
EndProject
Project("{FAE04EC0-301F-11D3-BF4B-00C04F79EFBC}") = "Vax", "course-dependency-injection\new-di-framework\Vax\Vax.csproj", "{32ECB2D4-6A71-4750-80A7-4E5C3778D025}"
EndProject
Project("{FAE04EC0-301F-11D3-BF4B-00C04F79EFBC}") = "GymManagement.Application.SubcutaneousTests", "course-clean-architecture\tests\GymManagement.Application.SubcutaneousTests\GymManagement.Application.SubcutaneousTests.csproj", "{DA5DA07D-8DB5-49B4-A333-E6BDF47E382A}"
EndProject
Project("{FAE04EC0-301F-11D3-BF4B-00C04F79EFBC}") = "Dometrain.EFCore.SimpleAPI", "course-entity-framework-core\Dometrain.EFCore.SimpleAPI\Dometrain.EFCore.SimpleAPI.csproj", "{F653F82C-05E6-4D3B-A605-84C57B5F308A}"
EndProject
Project("{FAE04EC0-301F-11D3-BF4B-00C04F79EFBC}") = "Dometrain.EFCore.Tests", "course-entity-framework-core\Dometrain.EFCore.Tests\Dometrain.EFCore.Tests.csproj", "{6204E240-1832-41AB-8950-BC444085583B}"
EndProject
Project("{FAE04EC0-301F-11D3-BF4B-00C04F79EFBC}") = "Dometrain.EFCore.Tenants.QueryFilter", "course-entity-framework-core\Dometrain.EFCore.Tenants.QueryFilter\Dometrain.EFCore.Tenants.QueryFilter.csproj", "{AE462F18-B042-453E-92E3-94DBF08E5006}"
EndProject
Project("{FAE04EC0-301F-11D3-BF4B-00C04F79EFBC}") = "Dometrain.EFCore.Tenants.Databases", "course-entity-framework-core\Dometrain.EFCore.Tenants.Databases\Dometrain.EFCore.Tenants.Databases.csproj", "{8385D107-BDFE-4761-A6BA-A2628FCF512D}"
EndProject
Project("{2150E333-8FDC-42A3-9474-1A3956D46DE8}") = "course-logging-in-dotnet", "course-logging-in-dotnet", "{4639012E-8816-48DC-A1B6-BE4F38E9E5FB}"
EndProject
Project("{FAE04EC0-301F-11D3-BF4B-00C04F79EFBC}") = "BasicConsoleApp", "course-logging-in-dotnet\BasicConsoleApp\BasicConsoleApp.csproj", "{0D2E3FF3-0A6E-4A45-ADAB-E43F4D96008A}"
EndProject
Project("{FAE04EC0-301F-11D3-BF4B-00C04F79EFBC}") = "SerilogConsoleApp", "course-logging-in-dotnet\SerilogConsoleApp\SerilogConsoleApp.csproj", "{83DD29D6-9886-4727-9D26-4237C975CEB5}"
EndProject
Project("{FAE04EC0-301F-11D3-BF4B-00C04F79EFBC}") = "BasicMinimalApi", "course-logging-in-dotnet\BasicMinimalApi\BasicMinimalApi.csproj", "{FD687FAD-4DF3-46A4-883B-D93AB9008115}"
EndProject
Project("{FAE04EC0-301F-11D3-BF4B-00C04F79EFBC}") = "BasicWebApi", "course-logging-in-dotnet\BasicWebApi\BasicWebApi.csproj", "{730D407A-ED4E-45DA-9915-6B74A2FA46AD}"
EndProject
Project("{FAE04EC0-301F-11D3-BF4B-00C04F79EFBC}") = "HighPerformanceLoggingConsoleApp", "course-logging-in-dotnet\HighPerformanceLoggingConsoleApp\HighPerformanceLoggingConsoleApp.csproj", "{0C1BDFF5-B40D-4E3B-A61E-917BD94469D1}"
EndProject
Project("{2150E333-8FDC-42A3-9474-1A3956D46DE8}") = "course-async-programming-csharp", "course-async-programming-csharp", "{52DA33FC-0513-4358-BB14-0397D424AD0C}"
EndProject
Project("{FAE04EC0-301F-11D3-BF4B-00C04F79EFBC}") = "AsyncAwait", "course-async-programming-csharp\AsyncAwait\AsyncAwait.csproj", "{81DA90C0-F73A-41BB-B165-390231674EA4}"
EndProject
Project("{FAE04EC0-301F-11D3-BF4B-00C04F79EFBC}") = "CreateTaskFromScratch", "course-async-programming-csharp\CreateTaskFromScratch\CreateTaskFromScratch.csproj", "{69CB4F89-60BE-4D98-826C-491FACC67629}"
EndProject
Project("{2150E333-8FDC-42A3-9474-1A3956D46DE8}") = "DotNetInternals", "DotNetInternals", "{D170C7EA-7E7F-40BB-AFAA-A42B38E1271F}"
EndProject
Project("{FAE04EC0-301F-11D3-BF4B-00C04F79EFBC}") = "ThreadStatic", "course-async-programming-csharp\DotNetInternals\ThreadStatic\ThreadStatic.csproj", "{3F486E92-F147-4504-8E37-A823AC824DC9}"
EndProject
Global
	GlobalSection(SolutionConfigurationPlatforms) = preSolution
		Debug|Any CPU = Debug|Any CPU
		Release|Any CPU = Release|Any CPU
	EndGlobalSection
	GlobalSection(ProjectConfigurationPlatforms) = postSolution
		{15D37176-2895-4675-B5B9-F21E2A167493}.Debug|Any CPU.ActiveCfg = Debug|Any CPU
		{15D37176-2895-4675-B5B9-F21E2A167493}.Debug|Any CPU.Build.0 = Debug|Any CPU
		{15D37176-2895-4675-B5B9-F21E2A167493}.Release|Any CPU.ActiveCfg = Release|Any CPU
		{15D37176-2895-4675-B5B9-F21E2A167493}.Release|Any CPU.Build.0 = Release|Any CPU
		{0D0B86B9-B2F0-4291-AF61-09B87343F752}.Debug|Any CPU.ActiveCfg = Debug|Any CPU
		{0D0B86B9-B2F0-4291-AF61-09B87343F752}.Debug|Any CPU.Build.0 = Debug|Any CPU
		{0D0B86B9-B2F0-4291-AF61-09B87343F752}.Release|Any CPU.ActiveCfg = Release|Any CPU
		{0D0B86B9-B2F0-4291-AF61-09B87343F752}.Release|Any CPU.Build.0 = Release|Any CPU
		{A40A3A42-5553-4781-8329-4EE695CEF58E}.Debug|Any CPU.ActiveCfg = Debug|Any CPU
		{A40A3A42-5553-4781-8329-4EE695CEF58E}.Debug|Any CPU.Build.0 = Debug|Any CPU
		{A40A3A42-5553-4781-8329-4EE695CEF58E}.Release|Any CPU.ActiveCfg = Release|Any CPU
		{A40A3A42-5553-4781-8329-4EE695CEF58E}.Release|Any CPU.Build.0 = Release|Any CPU
		{0B7F3C25-FD65-496E-809E-6A1391037D34}.Debug|Any CPU.ActiveCfg = Debug|Any CPU
		{0B7F3C25-FD65-496E-809E-6A1391037D34}.Debug|Any CPU.Build.0 = Debug|Any CPU
		{0B7F3C25-FD65-496E-809E-6A1391037D34}.Release|Any CPU.ActiveCfg = Release|Any CPU
		{0B7F3C25-FD65-496E-809E-6A1391037D34}.Release|Any CPU.Build.0 = Release|Any CPU
		{8028FB61-BFB3-4123-A45D-2A2CC27FEB7C}.Debug|Any CPU.ActiveCfg = Debug|Any CPU
		{8028FB61-BFB3-4123-A45D-2A2CC27FEB7C}.Debug|Any CPU.Build.0 = Debug|Any CPU
		{8028FB61-BFB3-4123-A45D-2A2CC27FEB7C}.Release|Any CPU.ActiveCfg = Release|Any CPU
		{8028FB61-BFB3-4123-A45D-2A2CC27FEB7C}.Release|Any CPU.Build.0 = Release|Any CPU
		{A9F26642-E79B-469A-889B-9803608D6217}.Debug|Any CPU.ActiveCfg = Debug|Any CPU
		{A9F26642-E79B-469A-889B-9803608D6217}.Debug|Any CPU.Build.0 = Debug|Any CPU
		{A9F26642-E79B-469A-889B-9803608D6217}.Release|Any CPU.ActiveCfg = Release|Any CPU
		{A9F26642-E79B-469A-889B-9803608D6217}.Release|Any CPU.Build.0 = Release|Any CPU
		{45556186-B8A1-42AD-88CB-4ECC5971F003}.Debug|Any CPU.ActiveCfg = Debug|Any CPU
		{45556186-B8A1-42AD-88CB-4ECC5971F003}.Debug|Any CPU.Build.0 = Debug|Any CPU
		{45556186-B8A1-42AD-88CB-4ECC5971F003}.Release|Any CPU.ActiveCfg = Release|Any CPU
		{45556186-B8A1-42AD-88CB-4ECC5971F003}.Release|Any CPU.Build.0 = Release|Any CPU
		{66F620A8-C35D-4F3D-86E3-4922DFC2F370}.Debug|Any CPU.ActiveCfg = Debug|Any CPU
		{66F620A8-C35D-4F3D-86E3-4922DFC2F370}.Debug|Any CPU.Build.0 = Debug|Any CPU
		{66F620A8-C35D-4F3D-86E3-4922DFC2F370}.Release|Any CPU.ActiveCfg = Release|Any CPU
		{66F620A8-C35D-4F3D-86E3-4922DFC2F370}.Release|Any CPU.Build.0 = Release|Any CPU
		{9DA9A17C-0F8E-465D-AC45-A9CD1DE381C8}.Debug|Any CPU.ActiveCfg = Debug|Any CPU
		{9DA9A17C-0F8E-465D-AC45-A9CD1DE381C8}.Debug|Any CPU.Build.0 = Debug|Any CPU
		{9DA9A17C-0F8E-465D-AC45-A9CD1DE381C8}.Release|Any CPU.ActiveCfg = Release|Any CPU
		{9DA9A17C-0F8E-465D-AC45-A9CD1DE381C8}.Release|Any CPU.Build.0 = Release|Any CPU
		{849C7558-8A08-4A58-A7BD-CF2587F0D5EC}.Debug|Any CPU.ActiveCfg = Debug|Any CPU
		{849C7558-8A08-4A58-A7BD-CF2587F0D5EC}.Debug|Any CPU.Build.0 = Debug|Any CPU
		{849C7558-8A08-4A58-A7BD-CF2587F0D5EC}.Release|Any CPU.ActiveCfg = Release|Any CPU
		{849C7558-8A08-4A58-A7BD-CF2587F0D5EC}.Release|Any CPU.Build.0 = Release|Any CPU
		{AA93B642-5EC7-43A5-AD1F-BB81AA047086}.Debug|Any CPU.ActiveCfg = Debug|Any CPU
		{AA93B642-5EC7-43A5-AD1F-BB81AA047086}.Debug|Any CPU.Build.0 = Debug|Any CPU
		{AA93B642-5EC7-43A5-AD1F-BB81AA047086}.Release|Any CPU.ActiveCfg = Release|Any CPU
		{AA93B642-5EC7-43A5-AD1F-BB81AA047086}.Release|Any CPU.Build.0 = Release|Any CPU
		{79D12BF0-D417-4FA2-9162-23C0CDC78129}.Debug|Any CPU.ActiveCfg = Debug|Any CPU
		{79D12BF0-D417-4FA2-9162-23C0CDC78129}.Debug|Any CPU.Build.0 = Debug|Any CPU
		{79D12BF0-D417-4FA2-9162-23C0CDC78129}.Release|Any CPU.ActiveCfg = Release|Any CPU
		{79D12BF0-D417-4FA2-9162-23C0CDC78129}.Release|Any CPU.Build.0 = Release|Any CPU
		{6836822D-2A77-4D38-BAB3-A7225DF3B341}.Debug|Any CPU.ActiveCfg = Debug|Any CPU
		{6836822D-2A77-4D38-BAB3-A7225DF3B341}.Debug|Any CPU.Build.0 = Debug|Any CPU
		{6836822D-2A77-4D38-BAB3-A7225DF3B341}.Release|Any CPU.ActiveCfg = Release|Any CPU
		{6836822D-2A77-4D38-BAB3-A7225DF3B341}.Release|Any CPU.Build.0 = Release|Any CPU
		{E18FFC36-0081-4798-838E-8C5066DBF56B}.Debug|Any CPU.ActiveCfg = Debug|Any CPU
		{E18FFC36-0081-4798-838E-8C5066DBF56B}.Debug|Any CPU.Build.0 = Debug|Any CPU
		{E18FFC36-0081-4798-838E-8C5066DBF56B}.Release|Any CPU.ActiveCfg = Release|Any CPU
		{E18FFC36-0081-4798-838E-8C5066DBF56B}.Release|Any CPU.Build.0 = Release|Any CPU
		{3375C0DE-56B5-4C0D-9D2F-66BD64B551D6}.Debug|Any CPU.ActiveCfg = Debug|Any CPU
		{3375C0DE-56B5-4C0D-9D2F-66BD64B551D6}.Debug|Any CPU.Build.0 = Debug|Any CPU
		{3375C0DE-56B5-4C0D-9D2F-66BD64B551D6}.Release|Any CPU.ActiveCfg = Release|Any CPU
		{3375C0DE-56B5-4C0D-9D2F-66BD64B551D6}.Release|Any CPU.Build.0 = Release|Any CPU
		{17465454-2BE8-496B-8A40-AF4572E5DF7C}.Debug|Any CPU.ActiveCfg = Debug|Any CPU
		{17465454-2BE8-496B-8A40-AF4572E5DF7C}.Debug|Any CPU.Build.0 = Debug|Any CPU
		{17465454-2BE8-496B-8A40-AF4572E5DF7C}.Release|Any CPU.ActiveCfg = Release|Any CPU
		{17465454-2BE8-496B-8A40-AF4572E5DF7C}.Release|Any CPU.Build.0 = Release|Any CPU
		{8D8094F7-6375-4AFC-B38E-84C1F6763096}.Debug|Any CPU.ActiveCfg = Debug|Any CPU
		{8D8094F7-6375-4AFC-B38E-84C1F6763096}.Debug|Any CPU.Build.0 = Debug|Any CPU
		{8D8094F7-6375-4AFC-B38E-84C1F6763096}.Release|Any CPU.ActiveCfg = Release|Any CPU
		{8D8094F7-6375-4AFC-B38E-84C1F6763096}.Release|Any CPU.Build.0 = Release|Any CPU
		{01B76E89-EECB-4FE8-892C-74640DFA544C}.Debug|Any CPU.ActiveCfg = Debug|Any CPU
		{01B76E89-EECB-4FE8-892C-74640DFA544C}.Debug|Any CPU.Build.0 = Debug|Any CPU
		{01B76E89-EECB-4FE8-892C-74640DFA544C}.Release|Any CPU.ActiveCfg = Release|Any CPU
		{01B76E89-EECB-4FE8-892C-74640DFA544C}.Release|Any CPU.Build.0 = Release|Any CPU
		{FD6696E4-463B-4EDC-BCEA-1F2928A5073D}.Debug|Any CPU.ActiveCfg = Debug|Any CPU
		{FD6696E4-463B-4EDC-BCEA-1F2928A5073D}.Debug|Any CPU.Build.0 = Debug|Any CPU
		{FD6696E4-463B-4EDC-BCEA-1F2928A5073D}.Release|Any CPU.ActiveCfg = Release|Any CPU
		{FD6696E4-463B-4EDC-BCEA-1F2928A5073D}.Release|Any CPU.Build.0 = Release|Any CPU
		{FCF8E531-8FF0-47BE-8554-391097430C7C}.Debug|Any CPU.ActiveCfg = Debug|Any CPU
		{FCF8E531-8FF0-47BE-8554-391097430C7C}.Debug|Any CPU.Build.0 = Debug|Any CPU
		{FCF8E531-8FF0-47BE-8554-391097430C7C}.Release|Any CPU.ActiveCfg = Release|Any CPU
		{FCF8E531-8FF0-47BE-8554-391097430C7C}.Release|Any CPU.Build.0 = Release|Any CPU
		{0175D556-94B5-4845-9BD9-165A9037BB8B}.Debug|Any CPU.ActiveCfg = Debug|Any CPU
		{0175D556-94B5-4845-9BD9-165A9037BB8B}.Debug|Any CPU.Build.0 = Debug|Any CPU
		{0175D556-94B5-4845-9BD9-165A9037BB8B}.Release|Any CPU.ActiveCfg = Release|Any CPU
		{0175D556-94B5-4845-9BD9-165A9037BB8B}.Release|Any CPU.Build.0 = Release|Any CPU
		{C835A966-7F4F-4AFC-BB66-9967398CE5A7}.Debug|Any CPU.ActiveCfg = Debug|Any CPU
		{C835A966-7F4F-4AFC-BB66-9967398CE5A7}.Debug|Any CPU.Build.0 = Debug|Any CPU
		{C835A966-7F4F-4AFC-BB66-9967398CE5A7}.Release|Any CPU.ActiveCfg = Release|Any CPU
		{C835A966-7F4F-4AFC-BB66-9967398CE5A7}.Release|Any CPU.Build.0 = Release|Any CPU
		{9921315D-49C7-435F-9732-94DB824A8929}.Debug|Any CPU.ActiveCfg = Debug|Any CPU
		{9921315D-49C7-435F-9732-94DB824A8929}.Debug|Any CPU.Build.0 = Debug|Any CPU
		{9921315D-49C7-435F-9732-94DB824A8929}.Release|Any CPU.ActiveCfg = Release|Any CPU
		{9921315D-49C7-435F-9732-94DB824A8929}.Release|Any CPU.Build.0 = Release|Any CPU
		{D52750A4-9821-433C-B631-02CBF8C07AE5}.Debug|Any CPU.ActiveCfg = Debug|Any CPU
		{D52750A4-9821-433C-B631-02CBF8C07AE5}.Debug|Any CPU.Build.0 = Debug|Any CPU
		{D52750A4-9821-433C-B631-02CBF8C07AE5}.Release|Any CPU.ActiveCfg = Release|Any CPU
		{D52750A4-9821-433C-B631-02CBF8C07AE5}.Release|Any CPU.Build.0 = Release|Any CPU
		{506DCD74-F2F4-48D5-9826-436E79877ECA}.Debug|Any CPU.ActiveCfg = Debug|Any CPU
		{506DCD74-F2F4-48D5-9826-436E79877ECA}.Debug|Any CPU.Build.0 = Debug|Any CPU
		{506DCD74-F2F4-48D5-9826-436E79877ECA}.Release|Any CPU.ActiveCfg = Release|Any CPU
		{506DCD74-F2F4-48D5-9826-436E79877ECA}.Release|Any CPU.Build.0 = Release|Any CPU
		{6171836C-8533-45D8-AFE7-B2DAD534ABF1}.Debug|Any CPU.ActiveCfg = Debug|Any CPU
		{6171836C-8533-45D8-AFE7-B2DAD534ABF1}.Debug|Any CPU.Build.0 = Debug|Any CPU
		{6171836C-8533-45D8-AFE7-B2DAD534ABF1}.Release|Any CPU.ActiveCfg = Release|Any CPU
		{6171836C-8533-45D8-AFE7-B2DAD534ABF1}.Release|Any CPU.Build.0 = Release|Any CPU
		{890A9381-5139-45F6-BFCE-B15D0AFAB636}.Debug|Any CPU.ActiveCfg = Debug|Any CPU
		{890A9381-5139-45F6-BFCE-B15D0AFAB636}.Debug|Any CPU.Build.0 = Debug|Any CPU
		{890A9381-5139-45F6-BFCE-B15D0AFAB636}.Release|Any CPU.ActiveCfg = Release|Any CPU
		{890A9381-5139-45F6-BFCE-B15D0AFAB636}.Release|Any CPU.Build.0 = Release|Any CPU
		{C2B62B98-7EF8-44B1-9320-1CA6494CD153}.Debug|Any CPU.ActiveCfg = Debug|Any CPU
		{C2B62B98-7EF8-44B1-9320-1CA6494CD153}.Debug|Any CPU.Build.0 = Debug|Any CPU
		{C2B62B98-7EF8-44B1-9320-1CA6494CD153}.Release|Any CPU.ActiveCfg = Release|Any CPU
		{C2B62B98-7EF8-44B1-9320-1CA6494CD153}.Release|Any CPU.Build.0 = Release|Any CPU
		{63F108B3-44F8-47C9-9297-DF8CC55B2E7D}.Debug|Any CPU.ActiveCfg = Debug|Any CPU
		{63F108B3-44F8-47C9-9297-DF8CC55B2E7D}.Debug|Any CPU.Build.0 = Debug|Any CPU
		{63F108B3-44F8-47C9-9297-DF8CC55B2E7D}.Release|Any CPU.ActiveCfg = Release|Any CPU
		{63F108B3-44F8-47C9-9297-DF8CC55B2E7D}.Release|Any CPU.Build.0 = Release|Any CPU
		{A90BF080-15E8-425B-9352-B28D1F5FC359}.Debug|Any CPU.ActiveCfg = Debug|Any CPU
		{A90BF080-15E8-425B-9352-B28D1F5FC359}.Debug|Any CPU.Build.0 = Debug|Any CPU
		{A90BF080-15E8-425B-9352-B28D1F5FC359}.Release|Any CPU.ActiveCfg = Release|Any CPU
		{A90BF080-15E8-425B-9352-B28D1F5FC359}.Release|Any CPU.Build.0 = Release|Any CPU
		{6BC92931-3C51-471B-9C24-309E912689E6}.Debug|Any CPU.ActiveCfg = Debug|Any CPU
		{6BC92931-3C51-471B-9C24-309E912689E6}.Debug|Any CPU.Build.0 = Debug|Any CPU
		{6BC92931-3C51-471B-9C24-309E912689E6}.Release|Any CPU.ActiveCfg = Release|Any CPU
		{6BC92931-3C51-471B-9C24-309E912689E6}.Release|Any CPU.Build.0 = Release|Any CPU
		{2A05C432-7243-48D1-8AC4-5F0484AFE938}.Debug|Any CPU.ActiveCfg = Debug|Any CPU
		{2A05C432-7243-48D1-8AC4-5F0484AFE938}.Debug|Any CPU.Build.0 = Debug|Any CPU
		{2A05C432-7243-48D1-8AC4-5F0484AFE938}.Release|Any CPU.ActiveCfg = Release|Any CPU
		{2A05C432-7243-48D1-8AC4-5F0484AFE938}.Release|Any CPU.Build.0 = Release|Any CPU
		{51956A26-E64D-46C9-8395-56881545FD0C}.Debug|Any CPU.ActiveCfg = Debug|Any CPU
		{51956A26-E64D-46C9-8395-56881545FD0C}.Debug|Any CPU.Build.0 = Debug|Any CPU
		{51956A26-E64D-46C9-8395-56881545FD0C}.Release|Any CPU.ActiveCfg = Release|Any CPU
		{51956A26-E64D-46C9-8395-56881545FD0C}.Release|Any CPU.Build.0 = Release|Any CPU
		{32ECB2D4-6A71-4750-80A7-4E5C3778D025}.Debug|Any CPU.ActiveCfg = Debug|Any CPU
		{32ECB2D4-6A71-4750-80A7-4E5C3778D025}.Debug|Any CPU.Build.0 = Debug|Any CPU
		{32ECB2D4-6A71-4750-80A7-4E5C3778D025}.Release|Any CPU.ActiveCfg = Release|Any CPU
		{32ECB2D4-6A71-4750-80A7-4E5C3778D025}.Release|Any CPU.Build.0 = Release|Any CPU
		{DA5DA07D-8DB5-49B4-A333-E6BDF47E382A}.Debug|Any CPU.ActiveCfg = Debug|Any CPU
		{DA5DA07D-8DB5-49B4-A333-E6BDF47E382A}.Debug|Any CPU.Build.0 = Debug|Any CPU
		{DA5DA07D-8DB5-49B4-A333-E6BDF47E382A}.Release|Any CPU.ActiveCfg = Release|Any CPU
		{DA5DA07D-8DB5-49B4-A333-E6BDF47E382A}.Release|Any CPU.Build.0 = Release|Any CPU
		{F653F82C-05E6-4D3B-A605-84C57B5F308A}.Debug|Any CPU.ActiveCfg = Debug|Any CPU
		{F653F82C-05E6-4D3B-A605-84C57B5F308A}.Debug|Any CPU.Build.0 = Debug|Any CPU
		{F653F82C-05E6-4D3B-A605-84C57B5F308A}.Release|Any CPU.ActiveCfg = Release|Any CPU
		{F653F82C-05E6-4D3B-A605-84C57B5F308A}.Release|Any CPU.Build.0 = Release|Any CPU
		{6204E240-1832-41AB-8950-BC444085583B}.Debug|Any CPU.ActiveCfg = Debug|Any CPU
		{6204E240-1832-41AB-8950-BC444085583B}.Debug|Any CPU.Build.0 = Debug|Any CPU
		{6204E240-1832-41AB-8950-BC444085583B}.Release|Any CPU.ActiveCfg = Release|Any CPU
		{6204E240-1832-41AB-8950-BC444085583B}.Release|Any CPU.Build.0 = Release|Any CPU
		{AE462F18-B042-453E-92E3-94DBF08E5006}.Debug|Any CPU.ActiveCfg = Debug|Any CPU
		{AE462F18-B042-453E-92E3-94DBF08E5006}.Debug|Any CPU.Build.0 = Debug|Any CPU
		{AE462F18-B042-453E-92E3-94DBF08E5006}.Release|Any CPU.ActiveCfg = Release|Any CPU
		{AE462F18-B042-453E-92E3-94DBF08E5006}.Release|Any CPU.Build.0 = Release|Any CPU
		{8385D107-BDFE-4761-A6BA-A2628FCF512D}.Debug|Any CPU.ActiveCfg = Debug|Any CPU
		{8385D107-BDFE-4761-A6BA-A2628FCF512D}.Debug|Any CPU.Build.0 = Debug|Any CPU
		{8385D107-BDFE-4761-A6BA-A2628FCF512D}.Release|Any CPU.ActiveCfg = Release|Any CPU
		{8385D107-BDFE-4761-A6BA-A2628FCF512D}.Release|Any CPU.Build.0 = Release|Any CPU
		{0D2E3FF3-0A6E-4A45-ADAB-E43F4D96008A}.Debug|Any CPU.ActiveCfg = Debug|Any CPU
		{0D2E3FF3-0A6E-4A45-ADAB-E43F4D96008A}.Debug|Any CPU.Build.0 = Debug|Any CPU
		{0D2E3FF3-0A6E-4A45-ADAB-E43F4D96008A}.Release|Any CPU.ActiveCfg = Release|Any CPU
		{0D2E3FF3-0A6E-4A45-ADAB-E43F4D96008A}.Release|Any CPU.Build.0 = Release|Any CPU
		{83DD29D6-9886-4727-9D26-4237C975CEB5}.Debug|Any CPU.ActiveCfg = Debug|Any CPU
		{83DD29D6-9886-4727-9D26-4237C975CEB5}.Debug|Any CPU.Build.0 = Debug|Any CPU
		{83DD29D6-9886-4727-9D26-4237C975CEB5}.Release|Any CPU.ActiveCfg = Release|Any CPU
		{83DD29D6-9886-4727-9D26-4237C975CEB5}.Release|Any CPU.Build.0 = Release|Any CPU
		{FD687FAD-4DF3-46A4-883B-D93AB9008115}.Debug|Any CPU.ActiveCfg = Debug|Any CPU
		{FD687FAD-4DF3-46A4-883B-D93AB9008115}.Debug|Any CPU.Build.0 = Debug|Any CPU
		{FD687FAD-4DF3-46A4-883B-D93AB9008115}.Release|Any CPU.ActiveCfg = Release|Any CPU
		{FD687FAD-4DF3-46A4-883B-D93AB9008115}.Release|Any CPU.Build.0 = Release|Any CPU
		{730D407A-ED4E-45DA-9915-6B74A2FA46AD}.Debug|Any CPU.ActiveCfg = Debug|Any CPU
		{730D407A-ED4E-45DA-9915-6B74A2FA46AD}.Debug|Any CPU.Build.0 = Debug|Any CPU
		{730D407A-ED4E-45DA-9915-6B74A2FA46AD}.Release|Any CPU.ActiveCfg = Release|Any CPU
		{730D407A-ED4E-45DA-9915-6B74A2FA46AD}.Release|Any CPU.Build.0 = Release|Any CPU
		{0C1BDFF5-B40D-4E3B-A61E-917BD94469D1}.Debug|Any CPU.ActiveCfg = Debug|Any CPU
		{0C1BDFF5-B40D-4E3B-A61E-917BD94469D1}.Debug|Any CPU.Build.0 = Debug|Any CPU
		{0C1BDFF5-B40D-4E3B-A61E-917BD94469D1}.Release|Any CPU.ActiveCfg = Release|Any CPU
		{0C1BDFF5-B40D-4E3B-A61E-917BD94469D1}.Release|Any CPU.Build.0 = Release|Any CPU
		{81DA90C0-F73A-41BB-B165-390231674EA4}.Debug|Any CPU.ActiveCfg = Debug|Any CPU
		{81DA90C0-F73A-41BB-B165-390231674EA4}.Debug|Any CPU.Build.0 = Debug|Any CPU
		{81DA90C0-F73A-41BB-B165-390231674EA4}.Release|Any CPU.ActiveCfg = Release|Any CPU
		{81DA90C0-F73A-41BB-B165-390231674EA4}.Release|Any CPU.Build.0 = Release|Any CPU
		{69CB4F89-60BE-4D98-826C-491FACC67629}.Debug|Any CPU.ActiveCfg = Debug|Any CPU
		{69CB4F89-60BE-4D98-826C-491FACC67629}.Debug|Any CPU.Build.0 = Debug|Any CPU
		{69CB4F89-60BE-4D98-826C-491FACC67629}.Release|Any CPU.ActiveCfg = Release|Any CPU
		{69CB4F89-60BE-4D98-826C-491FACC67629}.Release|Any CPU.Build.0 = Release|Any CPU
		{3F486E92-F147-4504-8E37-A823AC824DC9}.Debug|Any CPU.ActiveCfg = Debug|Any CPU
		{3F486E92-F147-4504-8E37-A823AC824DC9}.Debug|Any CPU.Build.0 = Debug|Any CPU
		{3F486E92-F147-4504-8E37-A823AC824DC9}.Release|Any CPU.ActiveCfg = Release|Any CPU
		{3F486E92-F147-4504-8E37-A823AC824DC9}.Release|Any CPU.Build.0 = Release|Any CPU
	EndGlobalSection
	GlobalSection(NestedProjects) = preSolution
		{0B7F3C25-FD65-496E-809E-6A1391037D34} = {329EE441-D190-4A67-A955-9BA0D5DC122F}
		{329EE441-D190-4A67-A955-9BA0D5DC122F} = {117976D2-8B04-4AFC-8C52-A0A90394656B}
		{15D37176-2895-4675-B5B9-F21E2A167493} = {117976D2-8B04-4AFC-8C52-A0A90394656B}
		{0D0B86B9-B2F0-4291-AF61-09B87343F752} = {117976D2-8B04-4AFC-8C52-A0A90394656B}
		{A40A3A42-5553-4781-8329-4EE695CEF58E} = {117976D2-8B04-4AFC-8C52-A0A90394656B}
		{8028FB61-BFB3-4123-A45D-2A2CC27FEB7C} = {B760A546-5719-4EE2-AB02-E51754312C34}
		{A9F26642-E79B-469A-889B-9803608D6217} = {D004F8A9-1FED-4187-A68C-9AD584787F6B}
		{45556186-B8A1-42AD-88CB-4ECC5971F003} = {D004F8A9-1FED-4187-A68C-9AD584787F6B}
		{66F620A8-C35D-4F3D-86E3-4922DFC2F370} = {D004F8A9-1FED-4187-A68C-9AD584787F6B}
		{9DA9A17C-0F8E-465D-AC45-A9CD1DE381C8} = {D004F8A9-1FED-4187-A68C-9AD584787F6B}
		{849C7558-8A08-4A58-A7BD-CF2587F0D5EC} = {D004F8A9-1FED-4187-A68C-9AD584787F6B}
		{63217177-51C9-42E2-B490-54BFAAC55F88} = {D004F8A9-1FED-4187-A68C-9AD584787F6B}
		{AA93B642-5EC7-43A5-AD1F-BB81AA047086} = {63217177-51C9-42E2-B490-54BFAAC55F88}
		{79D12BF0-D417-4FA2-9162-23C0CDC78129} = {63217177-51C9-42E2-B490-54BFAAC55F88}
		{6836822D-2A77-4D38-BAB3-A7225DF3B341} = {63217177-51C9-42E2-B490-54BFAAC55F88}
		{9AFA1132-D568-49E9-9965-F8DAE84F2E06} = {5B26C18E-A48F-4CB5-B45D-B391780C31BB}
		{1EAF3640-86E5-407B-A810-327F04B8FDC4} = {5B26C18E-A48F-4CB5-B45D-B391780C31BB}
		{E18FFC36-0081-4798-838E-8C5066DBF56B} = {9AFA1132-D568-49E9-9965-F8DAE84F2E06}
		{3375C0DE-56B5-4C0D-9D2F-66BD64B551D6} = {1EAF3640-86E5-407B-A810-327F04B8FDC4}
		{17465454-2BE8-496B-8A40-AF4572E5DF7C} = {9AFA1132-D568-49E9-9965-F8DAE84F2E06}
		{8D8094F7-6375-4AFC-B38E-84C1F6763096} = {1EAF3640-86E5-407B-A810-327F04B8FDC4}
		{01B76E89-EECB-4FE8-892C-74640DFA544C} = {9AFA1132-D568-49E9-9965-F8DAE84F2E06}
		{FD6696E4-463B-4EDC-BCEA-1F2928A5073D} = {1EAF3640-86E5-407B-A810-327F04B8FDC4}
		{FCF8E531-8FF0-47BE-8554-391097430C7C} = {1EAF3640-86E5-407B-A810-327F04B8FDC4}
		{0175D556-94B5-4845-9BD9-165A9037BB8B} = {9AFA1132-D568-49E9-9965-F8DAE84F2E06}
		{191ABC90-85F4-47D5-966D-9642E057A61B} = {C7F30830-681A-4263-8EFC-E454A421DB21}
		{281560A6-A9E6-4191-9404-83B92F131C7B} = {C7F30830-681A-4263-8EFC-E454A421DB21}
		{C835A966-7F4F-4AFC-BB66-9967398CE5A7} = {191ABC90-85F4-47D5-966D-9642E057A61B}
		{9921315D-49C7-435F-9732-94DB824A8929} = {281560A6-A9E6-4191-9404-83B92F131C7B}
		{D52750A4-9821-433C-B631-02CBF8C07AE5} = {191ABC90-85F4-47D5-966D-9642E057A61B}
		{506DCD74-F2F4-48D5-9826-436E79877ECA} = {191ABC90-85F4-47D5-966D-9642E057A61B}
		{6171836C-8533-45D8-AFE7-B2DAD534ABF1} = {281560A6-A9E6-4191-9404-83B92F131C7B}
		{5A27F017-1AA2-4348-B23D-8D2943AB5A20} = {098908EA-9641-4CD7-A2B4-C7A6C3225E55}
		{890A9381-5139-45F6-BFCE-B15D0AFAB636} = {5A27F017-1AA2-4348-B23D-8D2943AB5A20}
		{5FACABB4-2F11-4E20-8E14-C1BA5A617CF8} = {098908EA-9641-4CD7-A2B4-C7A6C3225E55}
		{C2B62B98-7EF8-44B1-9320-1CA6494CD153} = {5FACABB4-2F11-4E20-8E14-C1BA5A617CF8}
		{DDBB73EE-B437-4B3D-89E0-31B902395C1B} = {098908EA-9641-4CD7-A2B4-C7A6C3225E55}
		{63F108B3-44F8-47C9-9297-DF8CC55B2E7D} = {DDBB73EE-B437-4B3D-89E0-31B902395C1B}
		{A90BF080-15E8-425B-9352-B28D1F5FC359} = {DDBB73EE-B437-4B3D-89E0-31B902395C1B}
		{6BC92931-3C51-471B-9C24-309E912689E6} = {DDBB73EE-B437-4B3D-89E0-31B902395C1B}
		{D5AFF97D-BDA6-4C90-9003-353FDA352B8B} = {098908EA-9641-4CD7-A2B4-C7A6C3225E55}
		{2A05C432-7243-48D1-8AC4-5F0484AFE938} = {D5AFF97D-BDA6-4C90-9003-353FDA352B8B}
		{CC7BB356-966F-4178-A6A3-B97AE8A47B5B} = {098908EA-9641-4CD7-A2B4-C7A6C3225E55}
		{51956A26-E64D-46C9-8395-56881545FD0C} = {CC7BB356-966F-4178-A6A3-B97AE8A47B5B}
		{32ECB2D4-6A71-4750-80A7-4E5C3778D025} = {CC7BB356-966F-4178-A6A3-B97AE8A47B5B}
		{0D2E3FF3-0A6E-4A45-ADAB-E43F4D96008A} = {4639012E-8816-48DC-A1B6-BE4F38E9E5FB}
		{83DD29D6-9886-4727-9D26-4237C975CEB5} = {4639012E-8816-48DC-A1B6-BE4F38E9E5FB}
		{FD687FAD-4DF3-46A4-883B-D93AB9008115} = {4639012E-8816-48DC-A1B6-BE4F38E9E5FB}
		{730D407A-ED4E-45DA-9915-6B74A2FA46AD} = {4639012E-8816-48DC-A1B6-BE4F38E9E5FB}
		{0C1BDFF5-B40D-4E3B-A61E-917BD94469D1} = {4639012E-8816-48DC-A1B6-BE4F38E9E5FB}
		{DA5DA07D-8DB5-49B4-A333-E6BDF47E382A} = {63217177-51C9-42E2-B490-54BFAAC55F88}
		{F653F82C-05E6-4D3B-A605-84C57B5F308A} = {B760A546-5719-4EE2-AB02-E51754312C34}
		{6204E240-1832-41AB-8950-BC444085583B} = {B760A546-5719-4EE2-AB02-E51754312C34}
		{AE462F18-B042-453E-92E3-94DBF08E5006} = {B760A546-5719-4EE2-AB02-E51754312C34}
		{8385D107-BDFE-4761-A6BA-A2628FCF512D} = {B760A546-5719-4EE2-AB02-E51754312C34}
		{81DA90C0-F73A-41BB-B165-390231674EA4} = {52DA33FC-0513-4358-BB14-0397D424AD0C}
		{69CB4F89-60BE-4D98-826C-491FACC67629} = {52DA33FC-0513-4358-BB14-0397D424AD0C}
		{D170C7EA-7E7F-40BB-AFAA-A42B38E1271F} = {52DA33FC-0513-4358-BB14-0397D424AD0C}
		{3F486E92-F147-4504-8E37-A823AC824DC9} = {D170C7EA-7E7F-40BB-AFAA-A42B38E1271F}
	EndGlobalSection
EndGlobal
