<Solution>
  <Folder Name="/Solution Items/">
    <File Path="global.json" />
    <File Path="src/.editorconfig" />
    <File Path="src/Directory.Build.props" />
    <File Path="src/Directory.Packages.props" />
  </Folder>
  <Folder Name="/src/" />
  <Folder Name="/src/mastering-csharp/" />
  <Folder Name="/src/mastering-csharp/03-value-types-vs-reference-types/">
    <Project Path="src/mastering-csharp/03-value-types-vs-reference-types/MasteringCSharp.ValueVsReference.Benchmarks/MasteringCSharp.ValueVsReference.Benchmarks.csproj" />
    <Project Path="src/mastering-csharp/03-value-types-vs-reference-types/MasteringCSharp.ValueVsReference.Demos/MasteringCSharp.ValueVsReference.Demos.csproj" />
  </Folder>
  <Folder Name="/src/mastering-csharp/06-mastering-records/">
    <Project Path="src/mastering-csharp/06-mastering-records/MasteringCSharp.Records.Benchmarks/MasteringCSharp.Records.Benchmarks.csproj" />
    <Project Path="src/mastering-csharp/06-mastering-records/MasteringCSharp.Records.Demos/MasteringCSharp.Records.Demos.csproj" />
  </Folder>
  <Folder Name="/src/mastering-csharp/07-mastering-tuples-and-union-types/">
    <Project Path="src/mastering-csharp/07-mastering-tuples-and-union-types/MasteringCSharp.TuplesAndUnions.Benchmarks/MasteringCSharp.TuplesAndUnions.Benchmarks.csproj" />
    <Project Path="src/mastering-csharp/07-mastering-tuples-and-union-types/MasteringCSharp.TuplesAndUnions.Demos/MasteringCSharp.TuplesAndUnions.Demos.csproj" />
  </Folder>
  <Folder Name="/src/mastering-csharp/08-mastering-argument-validation/">
    <Project Path="src/mastering-csharp/08-mastering-argument-validation/MasteringCSharp.ArgumentValidation.Benchmarks/MasteringCSharp.ArgumentValidation.Benchmarks.csproj" />
    <Project Path="src/mastering-csharp/08-mastering-argument-validation/MasteringCSharp.ArgumentValidation.Demos/MasteringCSharp.ArgumentValidation.Demos.csproj" />
  </Folder>
</Solution>
