<Solution>
  <Folder Name="/Solution Items/">
    <File Path="global.json" />
    <File Path="src/.editorconfig" />
    <File Path="src/Directory.Build.props" />
    <File Path="src/Directory.Packages.props" />
  </Folder>
  <Folder Name="/src/" />
  <Folder Name="/src/1brc/">
    <Project Path="src/1brc/Benchmarks/Benchmarks.csproj" />
    <Project Path="src/1brc/DataGenerator/DataGenerator.csproj" />
    <Project Path="src/1brc/Level1_Naive/Level1_Naive.csproj" />
    <Project Path="src/1brc/Level2_Stream/Level2_Stream.csproj" />
    <Project Path="src/1brc/Level3_Parallel/Level3_Parallel.csproj" />
    <Project Path="src/1brc/Level4_SharedMemory/Level4_SharedMemory.csproj" />
    <Project Path="src/1brc/Level5_SIMD/Level5_SIMD.csproj" />
    <Project Path="src/1brc/Level6_Expert/Level6_Expert.csproj" />
    <Project Path="src/1brc/Shared/Shared.csproj" />
  </Folder>
  <Folder Name="/src/dependency-injection/" />
  <Folder Name="/src/dependency-injection/02-introduction-to-dependency-injection/">
    <Project Path="src/dependency-injection/02-introduction-to-dependency-injection/DependencyInjection.Introduction.Demos/DependencyInjection.Introduction.Demos.csproj" />
    <Project Path="src/dependency-injection/02-introduction-to-dependency-injection/DependencyInjection.Introduction.Tests/DependencyInjection.Introduction.Tests.csproj" />
  </Folder>
  <Folder Name="/src/dependency-injection/06-advanced-techniques/">
    <Project Path="src/dependency-injection/06-advanced-techniques/DependencyInjection.Advanced.Demos/DependencyInjection.Advanced.Demos.csproj" />
  </Folder>
  <Folder Name="/src/dependency-injection/07-extending-dependency-injection-with-scrutor/">
    <Project Path="src/dependency-injection/07-extending-dependency-injection-with-scrutor/DependencyInjection.Scrutor.Demos/DependencyInjection.Scrutor.Demos.csproj" />
  </Folder>
  <Folder Name="/src/dependency-injection/08-creating-our-own-dependency-injection-framework/">
    <Project Path="src/dependency-injection/08-creating-our-own-dependency-injection-framework/DependencyInjection.CustomFramework.Demos/DependencyInjection.CustomFramework.Demos.csproj" />
    <Project Path="src/dependency-injection/08-creating-our-own-dependency-injection-framework/DependencyInjection.CustomFramework.Vax/DependencyInjection.CustomFramework.Vax.csproj" />
  </Folder>
  <Folder Name="/src/docker/" />
  <Folder Name="/src/docker/docker-for-developers/" />
  <Folder Name="/src/docker/docker-for-developers/demo-app/">
    <Project Path="src/docker/docker-for-developers/demo-app/DockerForDevelopers.DemoApp.Api/DockerForDevelopers.DemoApp.Api.csproj" />
    <Project Path="src/docker/docker-for-developers/demo-app/DockerForDevelopers.DemoApp.Frontend/DockerForDevelopers.DemoApp.Frontend.csproj" />
    <Project Path="src/docker/docker-for-developers/demo-app/DockerForDevelopers.DemoApp.Tests/DockerForDevelopers.DemoApp.Tests.csproj" />
  </Folder>
  <Folder Name="/src/mastering-csharp/" />
  <Folder Name="/src/mastering-csharp/03-value-types-vs-reference-types/">
    <Project Path="src/mastering-csharp/03-value-types-vs-reference-types/MasteringCSharp.ValueVsReference.Benchmarks/MasteringCSharp.ValueVsReference.Benchmarks.csproj" />
    <Project Path="src/mastering-csharp/03-value-types-vs-reference-types/MasteringCSharp.ValueVsReference.Demos/MasteringCSharp.ValueVsReference.Demos.csproj" />
  </Folder>
  <Folder Name="/src/mastering-csharp/06-mastering-records/">
    <Project Path="src/mastering-csharp/06-mastering-records/MasteringCSharp.Records.Benchmarks/MasteringCSharp.Records.Benchmarks.csproj" />
    <Project Path="src/mastering-csharp/06-mastering-records/MasteringCSharp.Records.Demos/MasteringCSharp.Records.Demos.csproj" />
  </Folder>
  <Folder Name="/src/mastering-csharp/07-mastering-tuples-and-union-types/">
    <Project Path="src/mastering-csharp/07-mastering-tuples-and-union-types/MasteringCSharp.TuplesAndUnions.Benchmarks/MasteringCSharp.TuplesAndUnions.Benchmarks.csproj" />
    <Project Path="src/mastering-csharp/07-mastering-tuples-and-union-types/MasteringCSharp.TuplesAndUnions.Demos/MasteringCSharp.TuplesAndUnions.Demos.csproj" />
  </Folder>
  <Folder Name="/src/mastering-csharp/08-mastering-argument-validation/">
    <Project Path="src/mastering-csharp/08-mastering-argument-validation/MasteringCSharp.ArgumentValidation.Benchmarks/MasteringCSharp.ArgumentValidation.Benchmarks.csproj" />
    <Project Path="src/mastering-csharp/08-mastering-argument-validation/MasteringCSharp.ArgumentValidation.Demos/MasteringCSharp.ArgumentValidation.Demos.csproj" />
  </Folder>
</Solution>
