
Microsoft Visual Studio Solution File, Format Version 12.00
Project("{FAE04EC0-301F-11D3-BF4B-00C04F79EFBC}") = "Movies.Api", "Movies.Api\Movies.Api.csproj", "{15D37176-2895-4675-B5B9-F21E2A167493}"
EndProject
Project("{FAE04EC0-301F-11D3-BF4B-00C04F79EFBC}") = "Movies.Application", "Movies.Application\Movies.Application.csproj", "{0D0B86B9-B2F0-4291-AF61-09B87343F752}"
EndProject
Project("{FAE04EC0-301F-11D3-BF4B-00C04F79EFBC}") = "Movies.Contracts", "Movies.Contracts\Movies.Contracts.csproj", "{A40A3A42-5553-4781-8329-4EE695CEF58E}"
EndProject
Project("{2150E333-8FDC-42A3-9474-1A3956D46DE8}") = "Helpers", "Helpers", "{329EE441-D190-4A67-A955-9BA0D5DC122F}"
	ProjectSection(SolutionItems) = preProject
		Helpers\Course.postman_collection.json = Helpers\Course.postman_collection.json
		Helpers\movies.json = Helpers\movies.json
	EndProjectSection
EndProject
Project("{FAE04EC0-301F-11D3-BF4B-00C04F79EFBC}") = "Identity.Api", "Helpers\Identity.Api\Identity.Api.csproj", "{0B7F3C25-FD65-496E-809E-6A1391037D34}"
EndProject
Global
	GlobalSection(SolutionConfigurationPlatforms) = preSolution
		Debug|Any CPU = Debug|Any CPU
		Release|Any CPU = Release|Any CPU
	EndGlobalSection
	GlobalSection(ProjectConfigurationPlatforms) = postSolution
		{15D37176-2895-4675-B5B9-F21E2A167493}.Debug|Any CPU.ActiveCfg = Debug|Any CPU
		{15D37176-2895-4675-B5B9-F21E2A167493}.Debug|Any CPU.Build.0 = Debug|Any CPU
		{15D37176-2895-4675-B5B9-F21E2A167493}.Release|Any CPU.ActiveCfg = Release|Any CPU
		{15D37176-2895-4675-B5B9-F21E2A167493}.Release|Any CPU.Build.0 = Release|Any CPU
		{0D0B86B9-B2F0-4291-AF61-09B87343F752}.Debug|Any CPU.ActiveCfg = Debug|Any CPU
		{0D0B86B9-B2F0-4291-AF61-09B87343F752}.Debug|Any CPU.Build.0 = Debug|Any CPU
		{0D0B86B9-B2F0-4291-AF61-09B87343F752}.Release|Any CPU.ActiveCfg = Release|Any CPU
		{0D0B86B9-B2F0-4291-AF61-09B87343F752}.Release|Any CPU.Build.0 = Release|Any CPU
		{A40A3A42-5553-4781-8329-4EE695CEF58E}.Debug|Any CPU.ActiveCfg = Debug|Any CPU
		{A40A3A42-5553-4781-8329-4EE695CEF58E}.Debug|Any CPU.Build.0 = Debug|Any CPU
		{A40A3A42-5553-4781-8329-4EE695CEF58E}.Release|Any CPU.ActiveCfg = Release|Any CPU
		{A40A3A42-5553-4781-8329-4EE695CEF58E}.Release|Any CPU.Build.0 = Release|Any CPU
		{0B7F3C25-FD65-496E-809E-6A1391037D34}.Debug|Any CPU.ActiveCfg = Debug|Any CPU
		{0B7F3C25-FD65-496E-809E-6A1391037D34}.Debug|Any CPU.Build.0 = Debug|Any CPU
		{0B7F3C25-FD65-496E-809E-6A1391037D34}.Release|Any CPU.ActiveCfg = Release|Any CPU
		{0B7F3C25-FD65-496E-809E-6A1391037D34}.Release|Any CPU.Build.0 = Release|Any CPU
	EndGlobalSection
	GlobalSection(NestedProjects) = preSolution
		{0B7F3C25-FD65-496E-809E-6A1391037D34} = {329EE441-D190-4A67-A955-9BA0D5DC122F}
	EndGlobalSection
EndGlobal
